// !$*UTF8*$!
{
	archiveVersion = 1;
	classes = {
	};
	objectVersion = 46;
	objects = {

/* Begin PBXBuildFile section */
		75DF8A671ACE02C800A899B8 /* main.m in Sources */ = {isa = PBXBuildFile; fileRef = 75DF8A661ACE02C800A899B8 /* main.m */; };
		75DF8A6A1ACE02C800A899B8 /* AppDelegate.m in Sources */ = {isa = PBXBuildFile; fileRef = 75DF8A691ACE02C800A899B8 /* AppDelegate.m */; };
		75DF8A6F1ACE02C800A899B8 /* LaunchScreen.xib in Resources */ = {isa = PBXBuildFile; fileRef = 75DF8A6D1ACE02C800A899B8 /* LaunchScreen.xib */; };
		75DF8A871ACE038000A899B8 /* DRPageScrollView.m in Sources */ = {isa = PBXBuildFile; fileRef = 75DF8A861ACE038000A899B8 /* DRPageScrollView.m */; };
		75DF8A901ACF305100A899B8 /* MainViewController.m in Sources */ = {isa = PBXBuildFile; fileRef = 75DF8A8F1ACF305100A899B8 /* MainViewController.m */; };
		75E1D9611AF66BB800402514 /* Images.xcassets in Resources */ = {isa = PBXBuildFile; fileRef = 75E1D9601AF66BB800402514 /* Images.xcassets */; };
		75E1D9631AF69BC200402514 /* PageViews.xib in Resources */ = {isa = PBXBuildFile; fileRef = 75E1D9621AF69BC200402514 /* PageViews.xib */; };
/* End PBXBuildFile section */

/* Begin PBXFileReference section */
		75DF8A611ACE02C800A899B8 /* DRPageScrollViewDemo.app */ = {isa = PBXFileReference; explicitFileType = wrapper.application; includeInIndex = 0; path = DRPageScrollViewDemo.app; sourceTree = BUILT_PRODUCTS_DIR; };
		75DF8A651ACE02C800A899B8 /* Info.plist */ = {isa = PBXFileReference; lastKnownFileType = text.plist.xml; path = Info.plist; sourceTree = "<group>"; };
		75DF8A661ACE02C800A899B8 /* main.m */ = {isa = PBXFileReference; lastKnownFileType = sourcecode.c.objc; path = main.m; sourceTree = "<group>"; };
		75DF8A681ACE02C800A899B8 /* AppDelegate.h */ = {isa = PBXFileReference; lastKnownFileType = sourcecode.c.h; path = AppDelegate.h; sourceTree = "<group>"; };
		75DF8A691ACE02C800A899B8 /* AppDelegate.m */ = {isa = PBXFileReference; lastKnownFileType = sourcecode.c.objc; path = AppDelegate.m; sourceTree = "<group>"; };
		75DF8A6E1ACE02C800A899B8 /* Base */ = {isa = PBXFileReference; lastKnownFileType = file.xib; name = Base; path = Base.lproj/LaunchScreen.xib; sourceTree = "<group>"; };
		75DF8A851ACE038000A899B8 /* DRPageScrollView.h */ = {isa = PBXFileReference; fileEncoding = 4; lastKnownFileType = sourcecode.c.h; name = DRPageScrollView.h; path = DRPageScrollView/DRPageScrollView.h; sourceTree = SOURCE_ROOT; };
		75DF8A861ACE038000A899B8 /* DRPageScrollView.m */ = {isa = PBXFileReference; fileEncoding = 4; lastKnownFileType = sourcecode.c.objc; name = DRPageScrollView.m; path = DRPageScrollView/DRPageScrollView.m; sourceTree = SOURCE_ROOT; };
		75DF8A8E1ACF305100A899B8 /* MainViewController.h */ = {isa = PBXFileReference; fileEncoding = 4; lastKnownFileType = sourcecode.c.h; path = MainViewController.h; sourceTree = "<group>"; };
		75DF8A8F1ACF305100A899B8 /* MainViewController.m */ = {isa = PBXFileReference; fileEncoding = 4; lastKnownFileType = sourcecode.c.objc; path = MainViewController.m; sourceTree = "<group>"; };
		75E1D9601AF66BB800402514 /* Images.xcassets */ = {isa = PBXFileReference; lastKnownFileType = folder.assetcatalog; path = Images.xcassets; sourceTree = "<group>"; };
		75E1D9621AF69BC200402514 /* PageViews.xib */ = {isa = PBXFileReference; fileEncoding = 4; lastKnownFileType = file.xib; path = PageViews.xib; sourceTree = "<group>"; };
/* End PBXFileReference section */

/* Begin PBXFrameworksBuildPhase section */
		75DF8A5E1ACE02C800A899B8 /* Frameworks */ = {
			isa = PBXFrameworksBuildPhase;
			buildActionMask = 2147483647;
			files = (
			);
			runOnlyForDeploymentPostprocessing = 0;
		};
/* End PBXFrameworksBuildPhase section */

/* Begin PBXGroup section */
		75DF8A561ACE02A200A899B8 = {
			isa = PBXGroup;
			children = (
				75DF8A631ACE02C800A899B8 /* DRPageScrollViewDemo */,
				75DF8A621ACE02C800A899B8 /* Products */,
			);
			sourceTree = "<group>";
		};
		75DF8A621ACE02C800A899B8 /* Products */ = {
			isa = PBXGroup;
			children = (
				75DF8A611ACE02C800A899B8 /* DRPageScrollViewDemo.app */,
			);
			name = Products;
			sourceTree = "<group>";
		};
		75DF8A631ACE02C800A899B8 /* DRPageScrollViewDemo */ = {
			isa = PBXGroup;
			children = (
				75DF8A681ACE02C800A899B8 /* AppDelegate.h */,
				75DF8A691ACE02C800A899B8 /* AppDelegate.m */,
				75DF8A8E1ACF305100A899B8 /* MainViewController.h */,
				75DF8A8F1ACF305100A899B8 /* MainViewController.m */,
				75E1D9621AF69BC200402514 /* PageViews.xib */,
				75DF8A881ACE038700A899B8 /* DRPageScrollView */,
				75DF8A641ACE02C800A899B8 /* Supporting Files */,
			);
			path = DRPageScrollViewDemo;
			sourceTree = "<group>";
		};
		75DF8A641ACE02C800A899B8 /* Supporting Files */ = {
			isa = PBXGroup;
			children = (
				75E1D9601AF66BB800402514 /* Images.xcassets */,
				75DF8A6D1ACE02C800A899B8 /* LaunchScreen.xib */,
				75DF8A651ACE02C800A899B8 /* Info.plist */,
				75DF8A661ACE02C800A899B8 /* main.m */,
			);
			name = "Supporting Files";
			sourceTree = "<group>";
		};
		75DF8A881ACE038700A899B8 /* DRPageScrollView */ = {
			isa = PBXGroup;
			children = (
				75DF8A851ACE038000A899B8 /* DRPageScrollView.h */,
				75DF8A861ACE038000A899B8 /* DRPageScrollView.m */,
			);
			name = DRPageScrollView;
			sourceTree = "<group>";
		};
/* End PBXGroup section */

/* Begin PBXNativeTarget section */
		75DF8A601ACE02C800A899B8 /* DRPageScrollViewDemo */ = {
			isa = PBXNativeTarget;
			buildConfigurationList = 75DF8A7C1ACE02C800A899B8 /* Build configuration list for PBXNativeTarget "DRPageScrollViewDemo" */;
			buildPhases = (
				75DF8A5D1ACE02C800A899B8 /* Sources */,
				75DF8A5E1ACE02C800A899B8 /* Frameworks */,
				75DF8A5F1ACE02C800A899B8 /* Resources */,
			);
			buildRules = (
			);
			dependencies = (
			);
			name = DRPageScrollViewDemo;
			productName = DRPageScrollViewDemo;
			productReference = 75DF8A611ACE02C800A899B8 /* DRPageScrollViewDemo.app */;
			productType = "com.apple.product-type.application";
		};
/* End PBXNativeTarget section */

/* Begin PBXProject section */
		75DF8A571ACE02A200A899B8 /* Project object */ = {
			isa = PBXProject;
			attributes = {
				LastUpgradeCheck = 0630;
				TargetAttributes = {
					75DF8A601ACE02C800A899B8 = {
						CreatedOnToolsVersion = 6.2;
					};
				};
			};
			buildConfigurationList = 75DF8A5A1ACE02A200A899B8 /* Build configuration list for PBXProject "DRPageScrollView" */;
			compatibilityVersion = "Xcode 3.2";
			developmentRegion = English;
			hasScannedForEncodings = 0;
			knownRegions = (
				en,
				Base,
			);
			mainGroup = 75DF8A561ACE02A200A899B8;
			productRefGroup = 75DF8A621ACE02C800A899B8 /* Products */;
			projectDirPath = "";
			projectRoot = "";
			targets = (
				75DF8A601ACE02C800A899B8 /* DRPageScrollViewDemo */,
			);
		};
/* End PBXProject section */

/* Begin PBXResourcesBuildPhase section */
		75DF8A5F1ACE02C800A899B8 /* Resources */ = {
			isa = PBXResourcesBuildPhase;
			buildActionMask = 2147483647;
			files = (
				75DF8A6F1ACE02C800A899B8 /* LaunchScreen.xib in Resources */,
				75E1D9631AF69BC200402514 /* PageViews.xib in Resources */,
				75E1D9611AF66BB800402514 /* Images.xcassets in Resources */,
			);
			runOnlyForDeploymentPostprocessing = 0;
		};
/* End PBXResourcesBuildPhase section */

/* Begin PBXSourcesBuildPhase section */
		75DF8A5D1ACE02C800A899B8 /* Sources */ = {
			isa = PBXSourcesBuildPhase;
			buildActionMask = 2147483647;
			files = (
				75DF8A6A1ACE02C800A899B8 /* AppDelegate.m in Sources */,
				75DF8A671ACE02C800A899B8 /* main.m in Sources */,
				75DF8A871ACE038000A899B8 /* DRPageScrollView.m in Sources */,
				75DF8A901ACF305100A899B8 /* MainViewController.m in Sources */,
			);
			runOnlyForDeploymentPostprocessing = 0;
		};
/* End PBXSourcesBuildPhase section */

/* Begin PBXVariantGroup section */
		75DF8A6D1ACE02C800A899B8 /* LaunchScreen.xib */ = {
			isa = PBXVariantGroup;
			children = (
				75DF8A6E1ACE02C800A899B8 /* Base */,
			);
			name = LaunchScreen.xib;
			sourceTree = "<group>";
		};
/* End PBXVariantGroup section */

/* Begin XCBuildConfiguration section */
		75DF8A5B1ACE02A200A899B8 /* Debug */ = {
			isa = XCBuildConfiguration;
			buildSettings = {
				IPHONEOS_DEPLOYMENT_TARGET = 8.0;
				ONLY_ACTIVE_ARCH = YES;
			};
			name = Debug;
		};
		75DF8A5C1ACE02A200A899B8 /* Release */ = {
			isa = XCBuildConfiguration;
			buildSettings = {
				IPHONEOS_DEPLOYMENT_TARGET = 8.0;
			};
			name = Release;
		};
		75DF8A7D1ACE02C800A899B8 /* Debug */ = {
			isa = XCBuildConfiguration;
			buildSettings = {
				ALWAYS_SEARCH_USER_PATHS = NO;
				ASSETCATALOG_COMPILER_APPICON_NAME = AppIcon;
				CLANG_CXX_LANGUAGE_STANDARD = "gnu++0x";
				CLANG_CXX_LIBRARY = "libc++";
				CLANG_ENABLE_MODULES = YES;
				CLANG_ENABLE_OBJC_ARC = YES;
				CLANG_WARN_BOOL_CONVERSION = YES;
				CLANG_WARN_CONSTANT_CONVERSION = YES;
				CLANG_WARN_DIRECT_OBJC_ISA_USAGE = YES_ERROR;
				CLANG_WARN_EMPTY_BODY = YES;
				CLANG_WARN_ENUM_CONVERSION = YES;
				CLANG_WARN_INT_CONVERSION = YES;
				CLANG_WARN_OBJC_ROOT_CLASS = YES_ERROR;
				CLANG_WARN_UNREACHABLE_CODE = YES;
				CLANG_WARN__DUPLICATE_METHOD_MATCH = YES;
				CODE_SIGN_IDENTITY = "iPhone Developer";
				"CODE_SIGN_IDENTITY[sdk=iphoneos*]" = "iPhone Developer";
				COPY_PHASE_STRIP = NO;
				ENABLE_STRICT_OBJC_MSGSEND = YES;
				GCC_C_LANGUAGE_STANDARD = gnu99;
				GCC_DYNAMIC_NO_PIC = NO;
				GCC_OPTIMIZATION_LEVEL = 0;
				GCC_PREPROCESSOR_DEFINITIONS = (
					"DEBUG=1",
					"$(inherited)",
				);
				GCC_SYMBOLS_PRIVATE_EXTERN = NO;
				GCC_WARN_64_TO_32_BIT_CONVERSION = YES;
				GCC_WARN_ABOUT_RETURN_TYPE = YES_ERROR;
				GCC_WARN_UNDECLARED_SELECTOR = YES;
				GCC_WARN_UNINITIALIZED_AUTOS = YES_AGGRESSIVE;
				GCC_WARN_UNUSED_FUNCTION = YES;
				GCC_WARN_UNUSED_VARIABLE = YES;
				INFOPLIST_FILE = DRPageScrollViewDemo/Info.plist;
				IPHONEOS_DEPLOYMENT_TARGET = 8.0;
				LD_RUNPATH_SEARCH_PATHS = "$(inherited) @executable_path/Frameworks";
				MTL_ENABLE_DEBUG_INFO = YES;
				ONLY_ACTIVE_ARCH = YES;
				PRODUCT_NAME = "$(TARGET_NAME)";
				SDKROOT = iphoneos;
				TARGETED_DEVICE_FAMILY = "1,2";
			};
			name = Debug;
		};
		75DF8A7E1ACE02C800A899B8 /* Release */ = {
			isa = XCBuildConfiguration;
			buildSettings = {
				ALWAYS_SEARCH_USER_PATHS = NO;
				ASSETCATALOG_COMPILER_APPICON_NAME = AppIcon;
				CLANG_CXX_LANGUAGE_STANDARD = "gnu++0x";
				CLANG_CXX_LIBRARY = "libc++";
				CLANG_ENABLE_MODULES = YES;
				CLANG_ENABLE_OBJC_ARC = YES;
				CLANG_WARN_BOOL_CONVERSION = YES;
				CLANG_WARN_CONSTANT_CONVERSION = YES;
				CLANG_WARN_DIRECT_OBJC_ISA_USAGE = YES_ERROR;
				CLANG_WARN_EMPTY_BODY = YES;
				CLANG_WARN_ENUM_CONVERSION = YES;
				CLANG_WARN_INT_CONVERSION = YES;
				CLANG_WARN_OBJC_ROOT_CLASS = YES_ERROR;
				CLANG_WARN_UNREACHABLE_CODE = YES;
				CLANG_WARN__DUPLICATE_METHOD_MATCH = YES;
				CODE_SIGN_IDENTITY = "iPhone Developer";
				"CODE_SIGN_IDENTITY[sdk=iphoneos*]" = "iPhone Developer";
				COPY_PHASE_STRIP = NO;
				ENABLE_NS_ASSERTIONS = NO;
				ENABLE_STRICT_OBJC_MSGSEND = YES;
				GCC_C_LANGUAGE_STANDARD = gnu99;
				GCC_WARN_64_TO_32_BIT_CONVERSION = YES;
				GCC_WARN_ABOUT_RETURN_TYPE = YES_ERROR;
				GCC_WARN_UNDECLARED_SELECTOR = YES;
				GCC_WARN_UNINITIALIZED_AUTOS = YES_AGGRESSIVE;
				GCC_WARN_UNUSED_FUNCTION = YES;
				GCC_WARN_UNUSED_VARIABLE = YES;
				INFOPLIST_FILE = DRPageScrollViewDemo/Info.plist;
				IPHONEOS_DEPLOYMENT_TARGET = 8.0;
				LD_RUNPATH_SEARCH_PATHS = "$(inherited) @executable_path/Frameworks";
				MTL_ENABLE_DEBUG_INFO = NO;
				PRODUCT_NAME = "$(TARGET_NAME)";
				SDKROOT = iphoneos;
				TARGETED_DEVICE_FAMILY = "1,2";
				VALIDATE_PRODUCT = YES;
			};
			name = Release;
		};
/* End XCBuildConfiguration section */

/* Begin XCConfigurationList section */
		75DF8A5A1ACE02A200A899B8 /* Build configuration list for PBXProject "DRPageScrollView" */ = {
			isa = XCConfigurationList;
			buildConfigurations = (
				75DF8A5B1ACE02A200A899B8 /* Debug */,
				75DF8A5C1ACE02A200A899B8 /* Release */,
			);
			defaultConfigurationIsVisible = 0;
			defaultConfigurationName = Release;
		};
		75DF8A7C1ACE02C800A899B8 /* Build configuration list for PBXNativeTarget "DRPageScrollViewDemo" */ = {
			isa = XCConfigurationList;
			buildConfigurations = (
				75DF8A7D1ACE02C800A899B8 /* Debug */,
				75DF8A7E1ACE02C800A899B8 /* Release */,
			);
			defaultConfigurationIsVisible = 0;
			defaultConfigurationName = Release;
		};
/* End XCConfigurationList section */
	};
	rootObject = 75DF8A571ACE02A200A899B8 /* Project object */;
}
